
Microsoft Visual Studio Solution File, Format Version 12.00
# Visual Studio 15
VisualStudioVersion = 15.0.28010.2036
MinimumVisualStudioVersion = 10.0.40219.1
Project("{FAE04EC0-301F-11D3-BF4B-00C04F79EFBC}") = "AdventOfCode2018", "AdventOfCode2018\AdventOfCode2018.csproj", "{0AEA0930-21D7-4E77-90DC-A9E1B0889A1A}"
EndProject
Global
	GlobalSection(SolutionConfigurationPlatforms) = preSolution
		Debug|Any CPU = Debug|Any CPU
		Release|Any CPU = Release|Any CPU
	EndGlobalSection
	GlobalSection(ProjectConfigurationPlatforms) = postSolution
		{0AEA0930-21D7-4E77-90DC-A9E1B0889A1A}.Debug|Any CPU.ActiveCfg = Debug|Any CPU
		{0AEA0930-21D7-4E77-90DC-A9E1B0889A1A}.Debug|Any CPU.Build.0 = Debug|Any CPU
		{0AEA0930-21D7-4E77-90DC-A9E1B0889A1A}.Release|Any CPU.ActiveCfg = Release|Any CPU
		{0AEA0930-21D7-4E77-90DC-A9E1B0889A1A}.Release|Any CPU.Build.0 = Release|Any CPU
	EndGlobalSection
	GlobalSection(SolutionProperties) = preSolution
		HideSolutionNode = FALSE
	EndGlobalSection
	GlobalSection(ExtensibilityGlobals) = postSolution
		SolutionGuid = {D3BCEAE9-1557-4575-823C-3B0F994B3193}
	EndGlobalSection
EndGlobal
